
Microsoft Visual Studio Solution File, Format Version 11.00
# Visual Studio 2010
Project("{8BC9CEB8-8B4A-11D0-8D11-00A0C91BC942}") = "Errno", "Errno\Errno.vcxproj", "{C6DB222A-8B71-4404-AF0C-F10981490428}"
EndProject
Global
	GlobalSection(SolutionConfigurationPlatforms) = preSolution
		Debug|PS3 = Debug|PS3
		Release|PS3 = Release|PS3
	EndGlobalSection
	GlobalSection(ProjectConfigurationPlatforms) = postSolution
		{C6DB222A-8B71-4404-AF0C-F10981490428}.Debug|PS3.ActiveCfg = Debug|PS3
		{C6DB222A-8B71-4404-AF0C-F10981490428}.Debug|PS3.Build.0 = Debug|PS3
		{C6DB222A-8B71-4404-AF0C-F10981490428}.Release|PS3.ActiveCfg = Release|PS3
		{C6DB222A-8B71-4404-AF0C-F10981490428}.Release|PS3.Build.0 = Release|PS3
	EndGlobalSection
	GlobalSection(SolutionProperties) = preSolution
		HideSolutionNode = FALSE
	EndGlobalSection
EndGlobal
